
Microsoft Visual Studio Solution File, Format Version 12.00
# Visual Studio Version 17
VisualStudioVersion = 17.14.36310.24
MinimumVisualStudioVersion = 10.0.40219.1
Project("{2150E333-8FDC-42A3-9474-1A3956D46DE8}") = "Code", "Code", "{02EA681E-C7D8-13C7-8484-4AC65E1B71E8}"
EndProject
Project("{2150E333-8FDC-42A3-9474-1A3956D46DE8}") = "1. Core", "1. Core", "{7D848A94-E9DB-4D3F-A9D1-861AD741000A}"
EndProject
Project("{2150E333-8FDC-42A3-9474-1A3956D46DE8}") = "2. Providers", "2. Providers", "{24FA8F54-FE14-4FF8-860B-810237CED601}"
EndProject
Project("{2150E333-8FDC-42A3-9474-1A3956D46DE8}") = "3. Host", "3. Host", "{B5A88A15-2FE1-4150-8F2C-B260AB1EFC2D}"
EndProject
Project("{FAE04EC0-301F-11D3-BF4B-00C04F79EFBC}") = "ECommerce.Models", "Backend\ECommerce.Models\ECommerce.Models.csproj", "{6DDCD29B-9147-41A8-B26D-910EA7BB2196}"
EndProject
Project("{FAE04EC0-301F-11D3-BF4B-00C04F79EFBC}") = "ECommerce.Interfaces", "Backend\ECommerce.Interfaces\ECommerce.Interfaces.csproj", "{4A05103C-7BEA-4048-84B5-CEC7D2E93F18}"
EndProject
Project("{2150E333-8FDC-42A3-9474-1A3956D46DE8}") = "Data", "Data", "{E7088EA7-FF2A-4BF9-9975-59EC2FF5507B}"
EndProject
Project("{2150E333-8FDC-42A3-9474-1A3956D46DE8}") = "Logic", "Logic", "{84D940B3-601B-49C3-B86E-610E13ED75CB}"
EndProject
Project("{2150E333-8FDC-42A3-9474-1A3956D46DE8}") = "Api", "Api", "{3C392853-9075-408B-9B48-D813EBA30315}"
EndProject
Project("{FAE04EC0-301F-11D3-BF4B-00C04F79EFBC}") = "ECommerce.Api.Host", "Backend\ECommerce.Api.Host\ECommerce.Api.Host.csproj", "{D9EE7C09-291F-451A-9421-438962B9EB75}"
EndProject
Project("{FAE04EC0-301F-11D3-BF4B-00C04F79EFBC}") = "ECommerce.DataProviders", "Backend\ECommerce.DataProviders\ECommerce.DataProviders.csproj", "{E559CBF7-9BDF-4FCD-8334-D9682B617589}"
EndProject
Project("{FAE04EC0-301F-11D3-BF4B-00C04F79EFBC}") = "ECommerce.Exceptions", "ECommerce.Exceptions\ECommerce.Exceptions.csproj", "{65B81C1D-7C64-4257-94B4-5E099449BDA2}"
EndProject
Global
	GlobalSection(SolutionConfigurationPlatforms) = preSolution
		Debug|Any CPU = Debug|Any CPU
		Release|Any CPU = Release|Any CPU
	EndGlobalSection
	GlobalSection(ProjectConfigurationPlatforms) = postSolution
		{6DDCD29B-9147-41A8-B26D-910EA7BB2196}.Debug|Any CPU.ActiveCfg = Debug|Any CPU
		{6DDCD29B-9147-41A8-B26D-910EA7BB2196}.Debug|Any CPU.Build.0 = Debug|Any CPU
		{6DDCD29B-9147-41A8-B26D-910EA7BB2196}.Release|Any CPU.ActiveCfg = Release|Any CPU
		{6DDCD29B-9147-41A8-B26D-910EA7BB2196}.Release|Any CPU.Build.0 = Release|Any CPU
		{4A05103C-7BEA-4048-84B5-CEC7D2E93F18}.Debug|Any CPU.ActiveCfg = Debug|Any CPU
		{4A05103C-7BEA-4048-84B5-CEC7D2E93F18}.Debug|Any CPU.Build.0 = Debug|Any CPU
		{4A05103C-7BEA-4048-84B5-CEC7D2E93F18}.Release|Any CPU.ActiveCfg = Release|Any CPU
		{4A05103C-7BEA-4048-84B5-CEC7D2E93F18}.Release|Any CPU.Build.0 = Release|Any CPU
		{D9EE7C09-291F-451A-9421-438962B9EB75}.Debug|Any CPU.ActiveCfg = Debug|Any CPU
		{D9EE7C09-291F-451A-9421-438962B9EB75}.Debug|Any CPU.Build.0 = Debug|Any CPU
		{D9EE7C09-291F-451A-9421-438962B9EB75}.Release|Any CPU.ActiveCfg = Release|Any CPU
		{D9EE7C09-291F-451A-9421-438962B9EB75}.Release|Any CPU.Build.0 = Release|Any CPU
		{E559CBF7-9BDF-4FCD-8334-D9682B617589}.Debug|Any CPU.ActiveCfg = Debug|Any CPU
		{E559CBF7-9BDF-4FCD-8334-D9682B617589}.Debug|Any CPU.Build.0 = Debug|Any CPU
		{E559CBF7-9BDF-4FCD-8334-D9682B617589}.Release|Any CPU.ActiveCfg = Release|Any CPU
		{E559CBF7-9BDF-4FCD-8334-D9682B617589}.Release|Any CPU.Build.0 = Release|Any CPU
		{65B81C1D-7C64-4257-94B4-5E099449BDA2}.Debug|Any CPU.ActiveCfg = Debug|Any CPU
		{65B81C1D-7C64-4257-94B4-5E099449BDA2}.Debug|Any CPU.Build.0 = Debug|Any CPU
		{65B81C1D-7C64-4257-94B4-5E099449BDA2}.Release|Any CPU.ActiveCfg = Release|Any CPU
		{65B81C1D-7C64-4257-94B4-5E099449BDA2}.Release|Any CPU.Build.0 = Release|Any CPU
	EndGlobalSection
	GlobalSection(SolutionProperties) = preSolution
		HideSolutionNode = FALSE
	EndGlobalSection
	GlobalSection(NestedProjects) = preSolution
		{7D848A94-E9DB-4D3F-A9D1-861AD741000A} = {02EA681E-C7D8-13C7-8484-4AC65E1B71E8}
		{24FA8F54-FE14-4FF8-860B-810237CED601} = {02EA681E-C7D8-13C7-8484-4AC65E1B71E8}
		{B5A88A15-2FE1-4150-8F2C-B260AB1EFC2D} = {02EA681E-C7D8-13C7-8484-4AC65E1B71E8}
		{6DDCD29B-9147-41A8-B26D-910EA7BB2196} = {7D848A94-E9DB-4D3F-A9D1-861AD741000A}
		{4A05103C-7BEA-4048-84B5-CEC7D2E93F18} = {7D848A94-E9DB-4D3F-A9D1-861AD741000A}
		{E7088EA7-FF2A-4BF9-9975-59EC2FF5507B} = {24FA8F54-FE14-4FF8-860B-810237CED601}
		{84D940B3-601B-49C3-B86E-610E13ED75CB} = {24FA8F54-FE14-4FF8-860B-810237CED601}
		{3C392853-9075-408B-9B48-D813EBA30315} = {24FA8F54-FE14-4FF8-860B-810237CED601}
		{D9EE7C09-291F-451A-9421-438962B9EB75} = {B5A88A15-2FE1-4150-8F2C-B260AB1EFC2D}
		{E559CBF7-9BDF-4FCD-8334-D9682B617589} = {E7088EA7-FF2A-4BF9-9975-59EC2FF5507B}
		{65B81C1D-7C64-4257-94B4-5E099449BDA2} = {7D848A94-E9DB-4D3F-A9D1-861AD741000A}
	EndGlobalSection
	GlobalSection(ExtensibilityGlobals) = postSolution
		SolutionGuid = {A4997428-719A-4687-A127-D9C05BEF8CB2}
	EndGlobalSection
EndGlobal
